
Microsoft Visual Studio Solution File, Format Version 12.00
# Visual Studio Version 16
VisualStudioVersion = 16.0.30907.101
MinimumVisualStudioVersion = 10.0.40219.1
Project("{9A19103F-16F7-4668-BE54-9A1E7A4F7556}") = "GitMonitor", "src\GitMonitor\GitMonitor.csproj", "{6C624E59-004D-47A3-90B5-05A5AB4D912D}"
EndProject
Project("{9A19103F-16F7-4668-BE54-9A1E7A4F7556}") = "Export", "Export\Export.csproj", "{B22F713E-C293-41CC-AD95-280F178D1F63}"
EndProject
Project("{9A19103F-16F7-4668-BE54-9A1E7A4F7556}") = "GitMonitor5", "GitMonitor5\GitMonitor5.csproj", "{6098E93B-D18E-4C3D-AF10-A8AFCEE4E70B}"
EndProject
Project("{2150E333-8FDC-42A3-9474-1A3956D46DE8}") = "Solution Items", "Solution Items", "{D0AD9F1B-C224-42E5-9BD3-C3A7F1F0C2A1}"
	ProjectSection(SolutionItems) = preProject
		.editorconfig = .editorconfig
	EndProjectSection
EndProject
Global
	GlobalSection(SolutionConfigurationPlatforms) = preSolution
		Debug|Any CPU = Debug|Any CPU
		Release|Any CPU = Release|Any CPU
	EndGlobalSection
	GlobalSection(ProjectConfigurationPlatforms) = postSolution
		{6C624E59-004D-47A3-90B5-05A5AB4D912D}.Debug|Any CPU.ActiveCfg = Debug|Any CPU
		{6C624E59-004D-47A3-90B5-05A5AB4D912D}.Debug|Any CPU.Build.0 = Debug|Any CPU
		{6C624E59-004D-47A3-90B5-05A5AB4D912D}.Release|Any CPU.ActiveCfg = Release|Any CPU
		{6C624E59-004D-47A3-90B5-05A5AB4D912D}.Release|Any CPU.Build.0 = Release|Any CPU
		{B22F713E-C293-41CC-AD95-280F178D1F63}.Debug|Any CPU.ActiveCfg = Debug|Any CPU
		{B22F713E-C293-41CC-AD95-280F178D1F63}.Debug|Any CPU.Build.0 = Debug|Any CPU
		{B22F713E-C293-41CC-AD95-280F178D1F63}.Release|Any CPU.ActiveCfg = Release|Any CPU
		{B22F713E-C293-41CC-AD95-280F178D1F63}.Release|Any CPU.Build.0 = Release|Any CPU
		{6098E93B-D18E-4C3D-AF10-A8AFCEE4E70B}.Debug|Any CPU.ActiveCfg = Debug|Any CPU
		{6098E93B-D18E-4C3D-AF10-A8AFCEE4E70B}.Debug|Any CPU.Build.0 = Debug|Any CPU
		{6098E93B-D18E-4C3D-AF10-A8AFCEE4E70B}.Release|Any CPU.ActiveCfg = Release|Any CPU
		{6098E93B-D18E-4C3D-AF10-A8AFCEE4E70B}.Release|Any CPU.Build.0 = Release|Any CPU
	EndGlobalSection
	GlobalSection(SolutionProperties) = preSolution
		HideSolutionNode = FALSE
	EndGlobalSection
	GlobalSection(ExtensibilityGlobals) = postSolution
		SolutionGuid = {D903F11E-DB07-4940-A05D-DAC66F7412BC}
	EndGlobalSection
EndGlobal
